{
  "name": "trivy-scan",
  "version": "0.0.1-local",
  "lockfileVersion": 3,
  "requires": true,
  "packages": {
    "": {
      "name": "trivy-scan",
      "version": "0.0.1-local",
      "devDependencies": {
        "nock": "^14.0.11"
      }
    },
    "node_modules/@mswjs/interceptors": {
      "version": "0.41.3",
      "resolved": "https://registry.npmjs.org/@mswjs/interceptors/-/interceptors-0.41.3.tgz",
      "integrity": "sha512-cXu86tF4VQVfwz8W1SPbhoRyHJkti6mjH/XJIxp40jhO4j2k1m4KYrEykxqWPkFF3vrK4rgQppBh//AwyGSXPA==",
      "dev": true,
      "license": "MIT",
      "dependencies": {
        "@open-draft/deferred-promise": "^2.2.0",
        "@open-draft/logger": "^0.3.0",
        "@open-draft/until": "^2.0.0",
        "is-node-process": "^1.2.0",
        "outvariant": "^1.4.3",
        "strict-event-emitter": "^0.5.1"
      },
      "engines": {
        "node": ">=18"
      }
    },
    "node_modules/@open-draft/deferred-promise": {
      "version": "2.2.0",
      "resolved": "https://registry.npmjs.org/@open-draft/deferred-promise/-/deferred-promise-2.2.0.tgz",
      "integrity": "sha512-CecwLWx3rhxVQF6V4bAgPS5t+So2sTbPgAzafKkVizyi7tlwpcFpdFqq+wqF2OwNBmqFuu6tOyouTuxgpMfzmA==",
      "dev": true,
      "license": "MIT"
    },
    "node_modules/@open-draft/logger": {
      "version": "0.3.0",
      "resolved": "https://registry.npmjs.org/@open-draft/logger/-/logger-0.3.0.tgz",
      "integrity": "sha512-X2g45fzhxH238HKO4xbSr7+wBS8Fvw6ixhTDuvLd5mqh6bJJCFAPwU9mPDxbcrRtfxv4u5IHCEH77BmxvXmmxQ==",
      "dev": true,
      "license": "MIT",
      "dependencies": {
        "is-node-process": "^1.2.0",
        "outvariant": "^1.4.0"
      }
    },
    "node_modules/@open-draft/until": {
      "version": "2.1.0",
      "resolved": "https://registry.npmjs.org/@open-draft/until/-/until-2.1.0.tgz",
      "integrity": "sha512-U69T3ItWHvLwGg5eJ0n3I62nWuE6ilHlmz7zM0npLBRvPRd7e6NYmg54vvRtP5mZG7kZqZCFVdsTWo7BPtBujg==",
      "dev": true,
      "license": "MIT"
    },
    "node_modules/is-node-process": {
      "version": "1.2.0",
      "resolved": "https://registry.npmjs.org/is-node-process/-/is-node-process-1.2.0.tgz",
      "integrity": "sha512-Vg4o6/fqPxIjtxgUH5QLJhwZ7gW5diGCVlXpuUfELC62CuxM1iHcRe51f2W1FDy04Ai4KJkagKjx3XaqyfRKXw==",
      "dev": true,
      "license": "MIT"
    },
    "node_modules/json-stringify-safe": {
      "version": "5.0.1",
      "resolved": "https://registry.npmjs.org/json-stringify-safe/-/json-stringify-safe-5.0.1.tgz",
      "integrity": "sha512-ZClg6AaYvamvYEE82d3Iyd3vSSIjQ+odgjaTzRuO3s7toCdFKczob2i0zCh7JE8kWn17yvAWhUVxvqGwUalsRA==",
      "dev": true,
      "license": "ISC"
    },
    "node_modules/nock": {
      "version": "14.0.11",
      "resolved": "https://registry.npmjs.org/nock/-/nock-14.0.11.tgz",
      "integrity": "sha512-u5xUnYE+UOOBA6SpELJheMCtj2Laqx15Vl70QxKo43Wz/6nMHXS7PrEioXLjXAwhmawdEMNImwKCcPhBJWbKVw==",
      "dev": true,
      "license": "MIT",
      "dependencies": {
        "@mswjs/interceptors": "^0.41.0",
        "json-stringify-safe": "^5.0.1",
        "propagate": "^2.0.0"
      },
      "engines": {
        "node": ">=18.20.0 <20 || >=20.12.1"
      }
    },
    "node_modules/outvariant": {
      "version": "1.4.3",
      "resolved": "https://registry.npmjs.org/outvariant/-/outvariant-1.4.3.tgz",
      "integrity": "sha512-+Sl2UErvtsoajRDKCE5/dBz4DIvHXQQnAxtQTF04OJxY0+DyZXSo5P5Bb7XYWOh81syohlYL24hbDwxedPUJCA==",
      "dev": true,
      "license": "MIT"
    },
    "node_modules/propagate": {
      "version": "2.0.1",
      "resolved": "https://registry.npmjs.org/propagate/-/propagate-2.0.1.tgz",
      "integrity": "sha512-vGrhOavPSTz4QVNuBNdcNXePNdNMaO1xj9yBeH1ScQPjk/rhg9sSlCXPhMkFuaNNW/syTvYqsnbIJxMBfRbbag==",
      "dev": true,
      "license": "MIT",
      "engines": {
        "node": ">= 8"
      }
    },
    "node_modules/strict-event-emitter": {
      "version": "0.5.1",
      "resolved": "https://registry.npmjs.org/strict-event-emitter/-/strict-event-emitter-0.5.1.tgz",
      "integrity": "sha512-vMgjE/GGEPEFnhFub6pa4FmJBRBVOLpIII2hvCZ8Kzb7K0hlHo7mQv6xYrBvCL2LtAIBwFUK8wvuJgTVSQ5MFQ==",
      "dev": true,
      "license": "MIT"
    }
  }
}
