{
  "name": "gcp-secret-manager",
  "version": "0.0.1-local",
  "lockfileVersion": 2,
  "requires": true,
  "packages": {
    "": {
      "name": "gcp-secret-manager",
      "version": "0.0.1-local",
      "dependencies": {
        "yaml": "^2.6.1"
      }
    },
    "node_modules/yaml": {
      "version": "2.6.1",
      "resolved": "https://registry.npmjs.org/yaml/-/yaml-2.6.1.tgz",
      "integrity": "sha512-7r0XPzioN/Q9kXBro/XPnA6kznR73DHq+GXh5ON7ZozRO6aMjbmiBuKste2wslTFkC5d1dw0GooOCepZXJ2SAg==",
      "bin": {
        "yaml": "bin.mjs"
      },
      "engines": {
        "node": ">= 14"
      }
    }
  },
  "dependencies": {
    "yaml": {
      "version": "2.6.1",
      "resolved": "https://registry.npmjs.org/yaml/-/yaml-2.6.1.tgz",
      "integrity": "sha512-7r0XPzioN/Q9kXBro/XPnA6kznR73DHq+GXh5ON7ZozRO6aMjbmiBuKste2wslTFkC5d1dw0GooOCepZXJ2SAg=="
    }
  }
}
