{
  "name": "cloud-run",
  "version": "0.0.1-local",
  "lockfileVersion": 2,
  "requires": true,
  "packages": {
    "": {
      "name": "cloud-run",
      "version": "0.0.1-local",
      "dependencies": {
        "deepmerge": "^4.3.1",
        "jsonschema": "^1.4.1",
        "yaml": "^2.4.5"
      }
    },
    "node_modules/deepmerge": {
      "version": "4.3.1",
      "resolved": "https://registry.npmjs.org/deepmerge/-/deepmerge-4.3.1.tgz",
      "integrity": "sha512-3sUqbMEc77XqpdNO7FRyRog+eW3ph+GYCbj+rK+uYyRMuwsVy0rMiVtPn+QJlKFvWP/1PYpapqYn0Me2knFn+A==",
      "engines": {
        "node": ">=0.10.0"
      }
    },
    "node_modules/jsonschema": {
      "version": "1.4.1",
      "resolved": "https://registry.npmjs.org/jsonschema/-/jsonschema-1.4.1.tgz",
      "integrity": "sha512-S6cATIPVv1z0IlxdN+zUk5EPjkGCdnhN4wVSBlvoUO1tOLJootbo9CquNJmbIh4yikWHiUedhRYrNPn1arpEmQ==",
      "engines": {
        "node": "*"
      }
    },
    "node_modules/yaml": {
      "version": "2.4.5",
      "resolved": "https://registry.npmjs.org/yaml/-/yaml-2.4.5.tgz",
      "integrity": "sha512-aBx2bnqDzVOyNKfsysjA2ms5ZlnjSAW2eG3/L5G/CSujfjLJTJsEw1bGw8kCf04KodQWk1pxlGnZ56CRxiawmg==",
      "bin": {
        "yaml": "bin.mjs"
      },
      "engines": {
        "node": ">= 14"
      }
    }
  },
  "dependencies": {
    "deepmerge": {
      "version": "4.3.1",
      "resolved": "https://registry.npmjs.org/deepmerge/-/deepmerge-4.3.1.tgz",
      "integrity": "sha512-3sUqbMEc77XqpdNO7FRyRog+eW3ph+GYCbj+rK+uYyRMuwsVy0rMiVtPn+QJlKFvWP/1PYpapqYn0Me2knFn+A=="
    },
    "jsonschema": {
      "version": "1.4.1",
      "resolved": "https://registry.npmjs.org/jsonschema/-/jsonschema-1.4.1.tgz",
      "integrity": "sha512-S6cATIPVv1z0IlxdN+zUk5EPjkGCdnhN4wVSBlvoUO1tOLJootbo9CquNJmbIh4yikWHiUedhRYrNPn1arpEmQ=="
    },
    "yaml": {
      "version": "2.4.5",
      "resolved": "https://registry.npmjs.org/yaml/-/yaml-2.4.5.tgz",
      "integrity": "sha512-aBx2bnqDzVOyNKfsysjA2ms5ZlnjSAW2eG3/L5G/CSujfjLJTJsEw1bGw8kCf04KodQWk1pxlGnZ56CRxiawmg=="
    }
  }
}
