{
  "name": "cloud-run",
  "version": "0.0.1-local",
  "lockfileVersion": 2,
  "requires": true,
  "packages": {
    "": {
      "name": "cloud-run",
      "version": "0.0.1-local",
      "dependencies": {
        "@actions/core": "^1.10.0",
        "@actions/exec": "^1.0.4",
        "deepmerge": "^4.2.2",
        "jsonschema": "^1.2.5",
        "yaml": "^1.8.2"
      },
      "devDependencies": {
        "mock-fs": "^4.11.0"
      }
    },
    "node_modules/@actions/core": {
      "version": "1.10.0",
      "resolved": "https://registry.npmjs.org/@actions/core/-/core-1.10.0.tgz",
      "integrity": "sha512-2aZDDa3zrrZbP5ZYg159sNoLRb61nQ7awl5pSvIq5Qpj81vwDzdMRKzkWJGJuwVvWpvZKx7vspJALyvaaIQyug==",
      "dependencies": {
        "@actions/http-client": "^2.0.1",
        "uuid": "^8.3.2"
      }
    },
    "node_modules/@actions/core/node_modules/uuid": {
      "version": "8.3.2",
      "resolved": "https://registry.npmjs.org/uuid/-/uuid-8.3.2.tgz",
      "integrity": "sha512-+NYs2QeMWy+GWFOEm9xnn6HCDp0l7QBD7ml8zLUmJ+93Q5NF0NocErnwkTkXVFNiX3/fpC6afS8Dhb/gz7R7eg==",
      "bin": {
        "uuid": "dist/bin/uuid"
      }
    },
    "node_modules/@actions/exec": {
      "version": "1.0.4",
      "resolved": "https://registry.npmjs.org/@actions/exec/-/exec-1.0.4.tgz",
      "integrity": "sha512-4DPChWow9yc9W3WqEbUj8Nr86xkpyE29ZzWjXucHItclLbEW6jr80Zx4nqv18QL6KK65+cifiQZXvnqgTV6oHw==",
      "dependencies": {
        "@actions/io": "^1.0.1"
      }
    },
    "node_modules/@actions/http-client": {
      "version": "2.0.1",
      "resolved": "https://registry.npmjs.org/@actions/http-client/-/http-client-2.0.1.tgz",
      "integrity": "sha512-PIXiMVtz6VvyaRsGY268qvj57hXQEpsYogYOu2nrQhlf+XCGmZstmuZBbAybUl1nQGnvS1k1eEsQ69ZoD7xlSw==",
      "dependencies": {
        "tunnel": "^0.0.6"
      }
    },
    "node_modules/@actions/io": {
      "version": "1.0.2",
      "resolved": "https://registry.npmjs.org/@actions/io/-/io-1.0.2.tgz",
      "integrity": "sha512-J8KuFqVPr3p6U8W93DOXlXW6zFvrQAJANdS+vw0YhusLIq+bszW8zmK2Fh1C2kDPX8FMvwIl1OUcFgvJoXLbAg=="
    },
    "node_modules/@babel/runtime": {
      "version": "7.9.0",
      "resolved": "https://registry.npmjs.org/@babel/runtime/-/runtime-7.9.0.tgz",
      "integrity": "sha512-cTIudHnzuWLS56ik4DnRnqqNf8MkdUzV4iFFI1h7Jo9xvrpQROYaAnaSd2mHLQAzzZAPfATynX5ord6YlNYNMA==",
      "dependencies": {
        "regenerator-runtime": "^0.13.4"
      }
    },
    "node_modules/deepmerge": {
      "version": "4.2.2",
      "resolved": "https://registry.npmjs.org/deepmerge/-/deepmerge-4.2.2.tgz",
      "integrity": "sha512-FJ3UgI4gIl+PHZm53knsuSFpE+nESMr7M4v9QcgB7S63Kj/6WqMiFQJpBBYz1Pt+66bZpP3Q7Lye0Oo9MPKEdg==",
      "engines": {
        "node": ">=0.10.0"
      }
    },
    "node_modules/jsonschema": {
      "version": "1.2.5",
      "resolved": "https://registry.npmjs.org/jsonschema/-/jsonschema-1.2.5.tgz",
      "integrity": "sha512-kVTF+08x25PQ0CjuVc0gRM9EUPb0Fe9Ln/utFOgcdxEIOHuU7ooBk/UPTd7t1M91pP35m0MU1T8M5P7vP1bRRw==",
      "engines": {
        "node": "*"
      }
    },
    "node_modules/mock-fs": {
      "version": "4.11.0",
      "resolved": "https://registry.npmjs.org/mock-fs/-/mock-fs-4.11.0.tgz",
      "integrity": "sha512-Yp4o3/ZA15wsXqJTT+R+9w2AYIkD1i80Lds47wDbuUhOvQvm+O2EfjFZSz0pMgZZSPHRhGxgcd2+GL4+jZMtdw==",
      "dev": true
    },
    "node_modules/regenerator-runtime": {
      "version": "0.13.5",
      "resolved": "https://registry.npmjs.org/regenerator-runtime/-/regenerator-runtime-0.13.5.tgz",
      "integrity": "sha512-ZS5w8CpKFinUzOwW3c83oPeVXoNsrLsaCoLtJvAClH135j/R77RuymhiSErhm2lKcwSCIpmvIWSbDkIfAqKQlA=="
    },
    "node_modules/tunnel": {
      "version": "0.0.6",
      "resolved": "https://registry.npmjs.org/tunnel/-/tunnel-0.0.6.tgz",
      "integrity": "sha512-1h/Lnq9yajKY2PEbBadPXj3VxsDDu844OnaAo52UVmIzIvwwtBPIuNvkjuzBlTWpfJyUbG3ez0KSBibQkj4ojg==",
      "engines": {
        "node": ">=0.6.11 <=0.7.0 || >=0.7.3"
      }
    },
    "node_modules/yaml": {
      "version": "1.8.2",
      "resolved": "https://registry.npmjs.org/yaml/-/yaml-1.8.2.tgz",
      "integrity": "sha512-omakb0d7FjMo3R1D2EbTKVIk6dAVLRxFXdLZMEUToeAvuqgG/YuHMuQOZ5fgk+vQ8cx+cnGKwyg+8g8PNT0xQg==",
      "dependencies": {
        "@babel/runtime": "^7.8.7"
      },
      "engines": {
        "node": ">= 6"
      }
    }
  },
  "dependencies": {
    "@actions/core": {
      "version": "1.10.0",
      "resolved": "https://registry.npmjs.org/@actions/core/-/core-1.10.0.tgz",
      "integrity": "sha512-2aZDDa3zrrZbP5ZYg159sNoLRb61nQ7awl5pSvIq5Qpj81vwDzdMRKzkWJGJuwVvWpvZKx7vspJALyvaaIQyug==",
      "requires": {
        "@actions/http-client": "^2.0.1",
        "uuid": "^8.3.2"
      },
      "dependencies": {
        "uuid": {
          "version": "8.3.2",
          "resolved": "https://registry.npmjs.org/uuid/-/uuid-8.3.2.tgz",
          "integrity": "sha512-+NYs2QeMWy+GWFOEm9xnn6HCDp0l7QBD7ml8zLUmJ+93Q5NF0NocErnwkTkXVFNiX3/fpC6afS8Dhb/gz7R7eg=="
        }
      }
    },
    "@actions/exec": {
      "version": "1.0.4",
      "resolved": "https://registry.npmjs.org/@actions/exec/-/exec-1.0.4.tgz",
      "integrity": "sha512-4DPChWow9yc9W3WqEbUj8Nr86xkpyE29ZzWjXucHItclLbEW6jr80Zx4nqv18QL6KK65+cifiQZXvnqgTV6oHw==",
      "requires": {
        "@actions/io": "^1.0.1"
      }
    },
    "@actions/http-client": {
      "version": "2.0.1",
      "resolved": "https://registry.npmjs.org/@actions/http-client/-/http-client-2.0.1.tgz",
      "integrity": "sha512-PIXiMVtz6VvyaRsGY268qvj57hXQEpsYogYOu2nrQhlf+XCGmZstmuZBbAybUl1nQGnvS1k1eEsQ69ZoD7xlSw==",
      "requires": {
        "tunnel": "^0.0.6"
      }
    },
    "@actions/io": {
      "version": "1.0.2",
      "resolved": "https://registry.npmjs.org/@actions/io/-/io-1.0.2.tgz",
      "integrity": "sha512-J8KuFqVPr3p6U8W93DOXlXW6zFvrQAJANdS+vw0YhusLIq+bszW8zmK2Fh1C2kDPX8FMvwIl1OUcFgvJoXLbAg=="
    },
    "@babel/runtime": {
      "version": "7.9.0",
      "resolved": "https://registry.npmjs.org/@babel/runtime/-/runtime-7.9.0.tgz",
      "integrity": "sha512-cTIudHnzuWLS56ik4DnRnqqNf8MkdUzV4iFFI1h7Jo9xvrpQROYaAnaSd2mHLQAzzZAPfATynX5ord6YlNYNMA==",
      "requires": {
        "regenerator-runtime": "^0.13.4"
      }
    },
    "deepmerge": {
      "version": "4.2.2",
      "resolved": "https://registry.npmjs.org/deepmerge/-/deepmerge-4.2.2.tgz",
      "integrity": "sha512-FJ3UgI4gIl+PHZm53knsuSFpE+nESMr7M4v9QcgB7S63Kj/6WqMiFQJpBBYz1Pt+66bZpP3Q7Lye0Oo9MPKEdg=="
    },
    "jsonschema": {
      "version": "1.2.5",
      "resolved": "https://registry.npmjs.org/jsonschema/-/jsonschema-1.2.5.tgz",
      "integrity": "sha512-kVTF+08x25PQ0CjuVc0gRM9EUPb0Fe9Ln/utFOgcdxEIOHuU7ooBk/UPTd7t1M91pP35m0MU1T8M5P7vP1bRRw=="
    },
    "mock-fs": {
      "version": "4.11.0",
      "resolved": "https://registry.npmjs.org/mock-fs/-/mock-fs-4.11.0.tgz",
      "integrity": "sha512-Yp4o3/ZA15wsXqJTT+R+9w2AYIkD1i80Lds47wDbuUhOvQvm+O2EfjFZSz0pMgZZSPHRhGxgcd2+GL4+jZMtdw==",
      "dev": true
    },
    "regenerator-runtime": {
      "version": "0.13.5",
      "resolved": "https://registry.npmjs.org/regenerator-runtime/-/regenerator-runtime-0.13.5.tgz",
      "integrity": "sha512-ZS5w8CpKFinUzOwW3c83oPeVXoNsrLsaCoLtJvAClH135j/R77RuymhiSErhm2lKcwSCIpmvIWSbDkIfAqKQlA=="
    },
    "tunnel": {
      "version": "0.0.6",
      "resolved": "https://registry.npmjs.org/tunnel/-/tunnel-0.0.6.tgz",
      "integrity": "sha512-1h/Lnq9yajKY2PEbBadPXj3VxsDDu844OnaAo52UVmIzIvwwtBPIuNvkjuzBlTWpfJyUbG3ez0KSBibQkj4ojg=="
    },
    "yaml": {
      "version": "1.8.2",
      "resolved": "https://registry.npmjs.org/yaml/-/yaml-1.8.2.tgz",
      "integrity": "sha512-omakb0d7FjMo3R1D2EbTKVIk6dAVLRxFXdLZMEUToeAvuqgG/YuHMuQOZ5fgk+vQ8cx+cnGKwyg+8g8PNT0xQg==",
      "requires": {
        "@babel/runtime": "^7.8.7"
      }
    }
  }
}
