{
  "name": "slack-message",
  "version": "0.0.1-local",
  "lockfileVersion": 1,
  "requires": true,
  "dependencies": {
    "@actions/core": {
      "version": "1.2.3",
      "resolved": "https://registry.npmjs.org/@actions/core/-/core-1.2.3.tgz",
      "integrity": "sha512-Wp4xnyokakM45Uuj4WLUxdsa8fJjKVl1fDTsPbTEcTcuu0Nb26IPQbOtjmnfaCPGcaoPOOqId8H9NapZ8gii4w=="
    },
    "@zeit/ncc": {
      "version": "0.20.5",
      "resolved": "https://registry.npmjs.org/@zeit/ncc/-/ncc-0.20.5.tgz",
      "integrity": "sha512-XU6uzwvv95DqxciQx+aOLhbyBx/13ky+RK1y88Age9Du3BlA4mMPCy13BGjayOrrumOzlq1XV3SD/BWiZENXlw==",
      "dev": true
    },
    "node-fetch": {
      "version": "2.6.0",
      "resolved": "https://registry.npmjs.org/node-fetch/-/node-fetch-2.6.0.tgz",
      "integrity": "sha512-8dG4H5ujfvFiqDmVu9fQ5bOHUC15JMjMY/Zumv26oOvvVJjM67KF8koCWIabKQ1GJIa9r2mMZscBq/TbdOcmNA=="
    }
  }
}
