{
  "name": "nexus-auth-npm",
  "version": "0.0.1-local",
  "lockfileVersion": 2,
  "requires": true,
  "packages": {
    "": {
      "name": "nexus-auth-npm",
      "version": "0.0.1-local",
      "dependencies": {
        "@actions/core": "^1.9.1"
      },
      "devDependencies": {
        "mock-fs": "^5.0.0",
        "mocked-env": "^1.3.5"
      }
    },
    "node_modules/@actions/core": {
      "version": "1.9.1",
      "resolved": "https://registry.npmjs.org/@actions/core/-/core-1.9.1.tgz",
      "integrity": "sha512-5ad+U2YGrmmiw6du20AQW5XuWo7UKN2052FjSV7MX+Wfjf8sCqcsZe62NfgHys4QI4/Y+vQvLKYL8jWtA1ZBTA==",
      "dependencies": {
        "@actions/http-client": "^2.0.1",
        "uuid": "^8.3.2"
      }
    },
    "node_modules/@actions/http-client": {
      "version": "2.0.1",
      "resolved": "https://registry.npmjs.org/@actions/http-client/-/http-client-2.0.1.tgz",
      "integrity": "sha512-PIXiMVtz6VvyaRsGY268qvj57hXQEpsYogYOu2nrQhlf+XCGmZstmuZBbAybUl1nQGnvS1k1eEsQ69ZoD7xlSw==",
      "dependencies": {
        "tunnel": "^0.0.6"
      }
    },
    "node_modules/check-more-types": {
      "version": "2.24.0",
      "resolved": "https://registry.npmjs.org/check-more-types/-/check-more-types-2.24.0.tgz",
      "integrity": "sha1-FCD/sQ/URNz8ebQ4kbv//TKoRgA=",
      "dev": true,
      "engines": {
        "node": ">= 0.8.0"
      }
    },
    "node_modules/debug": {
      "version": "4.3.2",
      "resolved": "https://registry.npmjs.org/debug/-/debug-4.3.2.tgz",
      "integrity": "sha512-mOp8wKcvj7XxC78zLgw/ZA+6TSgkoE2C/ienthhRD298T7UNwAg9diBpLRxC0mOezLl4B0xV7M0cCO6P/O0Xhw==",
      "dev": true,
      "dependencies": {
        "ms": "2.1.2"
      },
      "engines": {
        "node": ">=6.0"
      },
      "peerDependenciesMeta": {
        "supports-color": {
          "optional": true
        }
      }
    },
    "node_modules/lazy-ass": {
      "version": "1.6.0",
      "resolved": "https://registry.npmjs.org/lazy-ass/-/lazy-ass-1.6.0.tgz",
      "integrity": "sha1-eZllXoZGwX8In90YfRUNMyTVRRM=",
      "dev": true,
      "engines": {
        "node": "> 0.8"
      }
    },
    "node_modules/mock-fs": {
      "version": "5.0.0",
      "resolved": "https://registry.npmjs.org/mock-fs/-/mock-fs-5.0.0.tgz",
      "integrity": "sha512-A5mm/SpSDwwc/klSaEvvKMGQQtiGiQy8UcDAd/vpVO1fV+4zaHjt39yKgCSErFzv2zYxZIUx9Ud/7ybeHBf8Fg==",
      "dev": true
    },
    "node_modules/mocked-env": {
      "version": "1.3.5",
      "resolved": "https://registry.npmjs.org/mocked-env/-/mocked-env-1.3.5.tgz",
      "integrity": "sha512-GyYY6ynVOdEoRlaGpaq8UYwdWkvrsU2xRme9B+WPSuJcNjh17+3QIxSYU6zwee0SbehhV6f06VZ4ahjG+9zdrA==",
      "dev": true,
      "dependencies": {
        "check-more-types": "2.24.0",
        "debug": "4.3.2",
        "lazy-ass": "1.6.0",
        "ramda": "0.27.1"
      },
      "engines": {
        "node": ">=6"
      }
    },
    "node_modules/ms": {
      "version": "2.1.2",
      "resolved": "https://registry.npmjs.org/ms/-/ms-2.1.2.tgz",
      "integrity": "sha512-sGkPx+VjMtmA6MX27oA4FBFELFCZZ4S4XqeGOXCv68tT+jb3vk/RyaKWP0PTKyWtmLSM0b+adUTEvbs1PEaH2w==",
      "dev": true
    },
    "node_modules/ramda": {
      "version": "0.27.1",
      "resolved": "https://registry.npmjs.org/ramda/-/ramda-0.27.1.tgz",
      "integrity": "sha512-PgIdVpn5y5Yns8vqb8FzBUEYn98V3xcPgawAkkgj0YJ0qDsnHCiNmZYfOGMgOvoB0eWFLpYbhxUR3mxfDIMvpw==",
      "dev": true
    },
    "node_modules/tunnel": {
      "version": "0.0.6",
      "resolved": "https://registry.npmjs.org/tunnel/-/tunnel-0.0.6.tgz",
      "integrity": "sha512-1h/Lnq9yajKY2PEbBadPXj3VxsDDu844OnaAo52UVmIzIvwwtBPIuNvkjuzBlTWpfJyUbG3ez0KSBibQkj4ojg==",
      "engines": {
        "node": ">=0.6.11 <=0.7.0 || >=0.7.3"
      }
    },
    "node_modules/uuid": {
      "version": "8.3.2",
      "resolved": "https://registry.npmjs.org/uuid/-/uuid-8.3.2.tgz",
      "integrity": "sha512-+NYs2QeMWy+GWFOEm9xnn6HCDp0l7QBD7ml8zLUmJ+93Q5NF0NocErnwkTkXVFNiX3/fpC6afS8Dhb/gz7R7eg==",
      "bin": {
        "uuid": "dist/bin/uuid"
      }
    }
  },
  "dependencies": {
    "@actions/core": {
      "version": "1.9.1",
      "resolved": "https://registry.npmjs.org/@actions/core/-/core-1.9.1.tgz",
      "integrity": "sha512-5ad+U2YGrmmiw6du20AQW5XuWo7UKN2052FjSV7MX+Wfjf8sCqcsZe62NfgHys4QI4/Y+vQvLKYL8jWtA1ZBTA==",
      "requires": {
        "@actions/http-client": "^2.0.1",
        "uuid": "^8.3.2"
      }
    },
    "@actions/http-client": {
      "version": "2.0.1",
      "resolved": "https://registry.npmjs.org/@actions/http-client/-/http-client-2.0.1.tgz",
      "integrity": "sha512-PIXiMVtz6VvyaRsGY268qvj57hXQEpsYogYOu2nrQhlf+XCGmZstmuZBbAybUl1nQGnvS1k1eEsQ69ZoD7xlSw==",
      "requires": {
        "tunnel": "^0.0.6"
      }
    },
    "check-more-types": {
      "version": "2.24.0",
      "resolved": "https://registry.npmjs.org/check-more-types/-/check-more-types-2.24.0.tgz",
      "integrity": "sha1-FCD/sQ/URNz8ebQ4kbv//TKoRgA=",
      "dev": true
    },
    "debug": {
      "version": "4.3.2",
      "resolved": "https://registry.npmjs.org/debug/-/debug-4.3.2.tgz",
      "integrity": "sha512-mOp8wKcvj7XxC78zLgw/ZA+6TSgkoE2C/ienthhRD298T7UNwAg9diBpLRxC0mOezLl4B0xV7M0cCO6P/O0Xhw==",
      "dev": true,
      "requires": {
        "ms": "2.1.2"
      }
    },
    "lazy-ass": {
      "version": "1.6.0",
      "resolved": "https://registry.npmjs.org/lazy-ass/-/lazy-ass-1.6.0.tgz",
      "integrity": "sha1-eZllXoZGwX8In90YfRUNMyTVRRM=",
      "dev": true
    },
    "mock-fs": {
      "version": "5.0.0",
      "resolved": "https://registry.npmjs.org/mock-fs/-/mock-fs-5.0.0.tgz",
      "integrity": "sha512-A5mm/SpSDwwc/klSaEvvKMGQQtiGiQy8UcDAd/vpVO1fV+4zaHjt39yKgCSErFzv2zYxZIUx9Ud/7ybeHBf8Fg==",
      "dev": true
    },
    "mocked-env": {
      "version": "1.3.5",
      "resolved": "https://registry.npmjs.org/mocked-env/-/mocked-env-1.3.5.tgz",
      "integrity": "sha512-GyYY6ynVOdEoRlaGpaq8UYwdWkvrsU2xRme9B+WPSuJcNjh17+3QIxSYU6zwee0SbehhV6f06VZ4ahjG+9zdrA==",
      "dev": true,
      "requires": {
        "check-more-types": "2.24.0",
        "debug": "4.3.2",
        "lazy-ass": "1.6.0",
        "ramda": "0.27.1"
      }
    },
    "ms": {
      "version": "2.1.2",
      "resolved": "https://registry.npmjs.org/ms/-/ms-2.1.2.tgz",
      "integrity": "sha512-sGkPx+VjMtmA6MX27oA4FBFELFCZZ4S4XqeGOXCv68tT+jb3vk/RyaKWP0PTKyWtmLSM0b+adUTEvbs1PEaH2w==",
      "dev": true
    },
    "ramda": {
      "version": "0.27.1",
      "resolved": "https://registry.npmjs.org/ramda/-/ramda-0.27.1.tgz",
      "integrity": "sha512-PgIdVpn5y5Yns8vqb8FzBUEYn98V3xcPgawAkkgj0YJ0qDsnHCiNmZYfOGMgOvoB0eWFLpYbhxUR3mxfDIMvpw==",
      "dev": true
    },
    "tunnel": {
      "version": "0.0.6",
      "resolved": "https://registry.npmjs.org/tunnel/-/tunnel-0.0.6.tgz",
      "integrity": "sha512-1h/Lnq9yajKY2PEbBadPXj3VxsDDu844OnaAo52UVmIzIvwwtBPIuNvkjuzBlTWpfJyUbG3ez0KSBibQkj4ojg=="
    },
    "uuid": {
      "version": "8.3.2",
      "resolved": "https://registry.npmjs.org/uuid/-/uuid-8.3.2.tgz",
      "integrity": "sha512-+NYs2QeMWy+GWFOEm9xnn6HCDp0l7QBD7ml8zLUmJ+93Q5NF0NocErnwkTkXVFNiX3/fpC6afS8Dhb/gz7R7eg=="
    }
  }
}
